
Microsoft Visual Studio Solution File, Format Version 12.00
# Visual Studio Version 17
VisualStudioVersion = 17.3.32804.467
MinimumVisualStudioVersion = 10.0.40219.1
Project("{9A19103F-16F7-4668-BE54-9A1E7A4F7556}") = "ProvinceMap", "ProvinceMap\ProvinceMap.csproj", "{C94F5175-ED9F-4428-B6F5-67A102F95F3F}"
EndProject
Project("{9A19103F-16F7-4668-BE54-9A1E7A4F7556}") = "BMPSTREAMREADER", "BMPSTREAMREADER\BMPSTREAMREADER.csproj", "{2230E4C7-B9B4-495B-B522-6A617935F8B7}"
EndProject
Project("{FAE04EC0-301F-11D3-BF4B-00C04F79EFBC}") = "animations", "animations\animations.csproj", "{9845B766-135A-481F-B84C-D821B45F8F1D}"
EndProject
Global
	GlobalSection(SolutionConfigurationPlatforms) = preSolution
		Debug|Any CPU = Debug|Any CPU
		Release|Any CPU = Release|Any CPU
	EndGlobalSection
	GlobalSection(ProjectConfigurationPlatforms) = postSolution
		{C94F5175-ED9F-4428-B6F5-67A102F95F3F}.Debug|Any CPU.ActiveCfg = Debug|Any CPU
		{C94F5175-ED9F-4428-B6F5-67A102F95F3F}.Debug|Any CPU.Build.0 = Debug|Any CPU
		{C94F5175-ED9F-4428-B6F5-67A102F95F3F}.Release|Any CPU.ActiveCfg = Release|Any CPU
		{C94F5175-ED9F-4428-B6F5-67A102F95F3F}.Release|Any CPU.Build.0 = Release|Any CPU
		{2230E4C7-B9B4-495B-B522-6A617935F8B7}.Debug|Any CPU.ActiveCfg = Debug|Any CPU
		{2230E4C7-B9B4-495B-B522-6A617935F8B7}.Debug|Any CPU.Build.0 = Debug|Any CPU
		{2230E4C7-B9B4-495B-B522-6A617935F8B7}.Release|Any CPU.ActiveCfg = Release|Any CPU
		{2230E4C7-B9B4-495B-B522-6A617935F8B7}.Release|Any CPU.Build.0 = Release|Any CPU
		{9845B766-135A-481F-B84C-D821B45F8F1D}.Debug|Any CPU.ActiveCfg = Debug|Any CPU
		{9845B766-135A-481F-B84C-D821B45F8F1D}.Debug|Any CPU.Build.0 = Debug|Any CPU
		{9845B766-135A-481F-B84C-D821B45F8F1D}.Release|Any CPU.ActiveCfg = Release|Any CPU
		{9845B766-135A-481F-B84C-D821B45F8F1D}.Release|Any CPU.Build.0 = Release|Any CPU
	EndGlobalSection
	GlobalSection(SolutionProperties) = preSolution
		HideSolutionNode = FALSE
	EndGlobalSection
	GlobalSection(ExtensibilityGlobals) = postSolution
		SolutionGuid = {FD1C23A5-A6AA-455F-B6BB-BB756F97228E}
	EndGlobalSection
EndGlobal
